
Microsoft Visual Studio Solution File, Format Version 12.00
# Visual Studio Version 17
VisualStudioVersion = 17.1.32328.378
MinimumVisualStudioVersion = 10.0.40219.1
Project("{8BC9CEB8-8B4A-11D0-8D11-00A0C91BC942}") = "cote7", "cote7\cote7.vcxproj", "{800910C5-5403-4BE5-8F7E-61F50272017C}"
EndProject
Global
	GlobalSection(SolutionConfigurationPlatforms) = preSolution
		Debug|x64 = Debug|x64
		Debug|x86 = Debug|x86
		Release|x64 = Release|x64
		Release|x86 = Release|x86
	EndGlobalSection
	GlobalSection(ProjectConfigurationPlatforms) = postSolution
		{800910C5-5403-4BE5-8F7E-61F50272017C}.Debug|x64.ActiveCfg = Debug|x64
		{800910C5-5403-4BE5-8F7E-61F50272017C}.Debug|x64.Build.0 = Debug|x64
		{800910C5-5403-4BE5-8F7E-61F50272017C}.Debug|x86.ActiveCfg = Debug|Win32
		{800910C5-5403-4BE5-8F7E-61F50272017C}.Debug|x86.Build.0 = Debug|Win32
		{800910C5-5403-4BE5-8F7E-61F50272017C}.Release|x64.ActiveCfg = Release|x64
		{800910C5-5403-4BE5-8F7E-61F50272017C}.Release|x64.Build.0 = Release|x64
		{800910C5-5403-4BE5-8F7E-61F50272017C}.Release|x86.ActiveCfg = Release|Win32
		{800910C5-5403-4BE5-8F7E-61F50272017C}.Release|x86.Build.0 = Release|Win32
	EndGlobalSection
	GlobalSection(SolutionProperties) = preSolution
		HideSolutionNode = FALSE
	EndGlobalSection
	GlobalSection(ExtensibilityGlobals) = postSolution
		SolutionGuid = {A00BD7C6-ABE0-4B4A-94DC-9D53719DA403}
	EndGlobalSection
EndGlobal
